
Microsoft Visual Studio Solution File, Format Version 12.00
# Visual Studio 15
VisualStudioVersion = 15.0.28010.2003
MinimumVisualStudioVersion = 10.0.40219.1
Project("{FAE04EC0-301F-11D3-BF4B-00C04F79EFBC}") = "DemoToken.Android", "DemoToken\DemoToken.Android\DemoToken.Android.csproj", "{3A485892-BF73-45C6-A4EA-9ECF5A563ACE}"
EndProject
Project("{FAE04EC0-301F-11D3-BF4B-00C04F79EFBC}") = "DemoToken.iOS", "DemoToken\DemoToken.iOS\DemoToken.iOS.csproj", "{3D81D4B1-A1C9-436E-8858-1E6DFEC4F8B3}"
EndProject
Project("{FAE04EC0-301F-11D3-BF4B-00C04F79EFBC}") = "DemoToken", "DemoToken\DemoToken\DemoToken.csproj", "{E5908B5E-7F07-4A2F-8123-AE1668559C0F}"
EndProject
Global
	GlobalSection(SolutionConfigurationPlatforms) = preSolution
		Ad-Hoc|Any CPU = Ad-Hoc|Any CPU
		Ad-Hoc|iPhone = Ad-Hoc|iPhone
		Ad-Hoc|iPhoneSimulator = Ad-Hoc|iPhoneSimulator
		AppStore|Any CPU = AppStore|Any CPU
		AppStore|iPhone = AppStore|iPhone
		AppStore|iPhoneSimulator = AppStore|iPhoneSimulator
		Debug|Any CPU = Debug|Any CPU
		Debug|iPhone = Debug|iPhone
		Debug|iPhoneSimulator = Debug|iPhoneSimulator
		Release|Any CPU = Release|Any CPU
		Release|iPhone = Release|iPhone
		Release|iPhoneSimulator = Release|iPhoneSimulator
	EndGlobalSection
	GlobalSection(ProjectConfigurationPlatforms) = postSolution
		{3A485892-BF73-45C6-A4EA-9ECF5A563ACE}.Ad-Hoc|Any CPU.ActiveCfg = Release|Any CPU
		{3A485892-BF73-45C6-A4EA-9ECF5A563ACE}.Ad-Hoc|Any CPU.Build.0 = Release|Any CPU
		{3A485892-BF73-45C6-A4EA-9ECF5A563ACE}.Ad-Hoc|Any CPU.Deploy.0 = Release|Any CPU
		{3A485892-BF73-45C6-A4EA-9ECF5A563ACE}.Ad-Hoc|iPhone.ActiveCfg = Release|Any CPU
		{3A485892-BF73-45C6-A4EA-9ECF5A563ACE}.Ad-Hoc|iPhone.Build.0 = Release|Any CPU
		{3A485892-BF73-45C6-A4EA-9ECF5A563ACE}.Ad-Hoc|iPhone.Deploy.0 = Release|Any CPU
		{3A485892-BF73-45C6-A4EA-9ECF5A563ACE}.Ad-Hoc|iPhoneSimulator.ActiveCfg = Release|Any CPU
		{3A485892-BF73-45C6-A4EA-9ECF5A563ACE}.Ad-Hoc|iPhoneSimulator.Build.0 = Release|Any CPU
		{3A485892-BF73-45C6-A4EA-9ECF5A563ACE}.Ad-Hoc|iPhoneSimulator.Deploy.0 = Release|Any CPU
		{3A485892-BF73-45C6-A4EA-9ECF5A563ACE}.AppStore|Any CPU.ActiveCfg = Release|Any CPU
		{3A485892-BF73-45C6-A4EA-9ECF5A563ACE}.AppStore|Any CPU.Build.0 = Release|Any CPU
		{3A485892-BF73-45C6-A4EA-9ECF5A563ACE}.AppStore|Any CPU.Deploy.0 = Release|Any CPU
		{3A485892-BF73-45C6-A4EA-9ECF5A563ACE}.AppStore|iPhone.ActiveCfg = Release|Any CPU
		{3A485892-BF73-45C6-A4EA-9ECF5A563ACE}.AppStore|iPhone.Build.0 = Release|Any CPU
		{3A485892-BF73-45C6-A4EA-9ECF5A563ACE}.AppStore|iPhone.Deploy.0 = Release|Any CPU
		{3A485892-BF73-45C6-A4EA-9ECF5A563ACE}.AppStore|iPhoneSimulator.ActiveCfg = Release|Any CPU
		{3A485892-BF73-45C6-A4EA-9ECF5A563ACE}.AppStore|iPhoneSimulator.Build.0 = Release|Any CPU
		{3A485892-BF73-45C6-A4EA-9ECF5A563ACE}.AppStore|iPhoneSimulator.Deploy.0 = Release|Any CPU
		{3A485892-BF73-45C6-A4EA-9ECF5A563ACE}.Debug|Any CPU.ActiveCfg = Debug|Any CPU
		{3A485892-BF73-45C6-A4EA-9ECF5A563ACE}.Debug|Any CPU.Build.0 = Debug|Any CPU
		{3A485892-BF73-45C6-A4EA-9ECF5A563ACE}.Debug|Any CPU.Deploy.0 = Debug|Any CPU
		{3A485892-BF73-45C6-A4EA-9ECF5A563ACE}.Debug|iPhone.ActiveCfg = Debug|Any CPU
		{3A485892-BF73-45C6-A4EA-9ECF5A563ACE}.Debug|iPhone.Build.0 = Debug|Any CPU
		{3A485892-BF73-45C6-A4EA-9ECF5A563ACE}.Debug|iPhone.Deploy.0 = Debug|Any CPU
		{3A485892-BF73-45C6-A4EA-9ECF5A563ACE}.Debug|iPhoneSimulator.ActiveCfg = Debug|Any CPU
		{3A485892-BF73-45C6-A4EA-9ECF5A563ACE}.Debug|iPhoneSimulator.Build.0 = Debug|Any CPU
		{3A485892-BF73-45C6-A4EA-9ECF5A563ACE}.Debug|iPhoneSimulator.Deploy.0 = Debug|Any CPU
		{3A485892-BF73-45C6-A4EA-9ECF5A563ACE}.Release|Any CPU.ActiveCfg = Release|Any CPU
		{3A485892-BF73-45C6-A4EA-9ECF5A563ACE}.Release|Any CPU.Build.0 = Release|Any CPU
		{3A485892-BF73-45C6-A4EA-9ECF5A563ACE}.Release|Any CPU.Deploy.0 = Release|Any CPU
		{3A485892-BF73-45C6-A4EA-9ECF5A563ACE}.Release|iPhone.ActiveCfg = Release|Any CPU
		{3A485892-BF73-45C6-A4EA-9ECF5A563ACE}.Release|iPhone.Build.0 = Release|Any CPU
		{3A485892-BF73-45C6-A4EA-9ECF5A563ACE}.Release|iPhone.Deploy.0 = Release|Any CPU
		{3A485892-BF73-45C6-A4EA-9ECF5A563ACE}.Release|iPhoneSimulator.ActiveCfg = Release|Any CPU
		{3A485892-BF73-45C6-A4EA-9ECF5A563ACE}.Release|iPhoneSimulator.Build.0 = Release|Any CPU
		{3A485892-BF73-45C6-A4EA-9ECF5A563ACE}.Release|iPhoneSimulator.Deploy.0 = Release|Any CPU
		{3D81D4B1-A1C9-436E-8858-1E6DFEC4F8B3}.Ad-Hoc|Any CPU.ActiveCfg = Ad-Hoc|iPhone
		{3D81D4B1-A1C9-436E-8858-1E6DFEC4F8B3}.Ad-Hoc|Any CPU.Build.0 = Ad-Hoc|iPhone
		{3D81D4B1-A1C9-436E-8858-1E6DFEC4F8B3}.Ad-Hoc|Any CPU.Deploy.0 = Ad-Hoc|iPhone
		{3D81D4B1-A1C9-436E-8858-1E6DFEC4F8B3}.Ad-Hoc|iPhone.ActiveCfg = Ad-Hoc|iPhone
		{3D81D4B1-A1C9-436E-8858-1E6DFEC4F8B3}.Ad-Hoc|iPhone.Build.0 = Ad-Hoc|iPhone
		{3D81D4B1-A1C9-436E-8858-1E6DFEC4F8B3}.Ad-Hoc|iPhone.Deploy.0 = Ad-Hoc|iPhone
		{3D81D4B1-A1C9-436E-8858-1E6DFEC4F8B3}.Ad-Hoc|iPhoneSimulator.ActiveCfg = Ad-Hoc|iPhoneSimulator
		{3D81D4B1-A1C9-436E-8858-1E6DFEC4F8B3}.Ad-Hoc|iPhoneSimulator.Build.0 = Ad-Hoc|iPhoneSimulator
		{3D81D4B1-A1C9-436E-8858-1E6DFEC4F8B3}.Ad-Hoc|iPhoneSimulator.Deploy.0 = Ad-Hoc|iPhoneSimulator
		{3D81D4B1-A1C9-436E-8858-1E6DFEC4F8B3}.AppStore|Any CPU.ActiveCfg = AppStore|iPhone
		{3D81D4B1-A1C9-436E-8858-1E6DFEC4F8B3}.AppStore|Any CPU.Build.0 = AppStore|iPhone
		{3D81D4B1-A1C9-436E-8858-1E6DFEC4F8B3}.AppStore|Any CPU.Deploy.0 = AppStore|iPhone
		{3D81D4B1-A1C9-436E-8858-1E6DFEC4F8B3}.AppStore|iPhone.ActiveCfg = AppStore|iPhone
		{3D81D4B1-A1C9-436E-8858-1E6DFEC4F8B3}.AppStore|iPhone.Build.0 = AppStore|iPhone
		{3D81D4B1-A1C9-436E-8858-1E6DFEC4F8B3}.AppStore|iPhone.Deploy.0 = AppStore|iPhone
		{3D81D4B1-A1C9-436E-8858-1E6DFEC4F8B3}.AppStore|iPhoneSimulator.ActiveCfg = AppStore|iPhoneSimulator
		{3D81D4B1-A1C9-436E-8858-1E6DFEC4F8B3}.AppStore|iPhoneSimulator.Build.0 = AppStore|iPhoneSimulator
		{3D81D4B1-A1C9-436E-8858-1E6DFEC4F8B3}.AppStore|iPhoneSimulator.Deploy.0 = AppStore|iPhoneSimulator
		{3D81D4B1-A1C9-436E-8858-1E6DFEC4F8B3}.Debug|Any CPU.ActiveCfg = Debug|iPhoneSimulator
		{3D81D4B1-A1C9-436E-8858-1E6DFEC4F8B3}.Debug|Any CPU.Build.0 = Debug|iPhoneSimulator
		{3D81D4B1-A1C9-436E-8858-1E6DFEC4F8B3}.Debug|Any CPU.Deploy.0 = Debug|iPhoneSimulator
		{3D81D4B1-A1C9-436E-8858-1E6DFEC4F8B3}.Debug|iPhone.ActiveCfg = Debug|iPhone
		{3D81D4B1-A1C9-436E-8858-1E6DFEC4F8B3}.Debug|iPhone.Build.0 = Debug|iPhone
		{3D81D4B1-A1C9-436E-8858-1E6DFEC4F8B3}.Debug|iPhone.Deploy.0 = Debug|iPhone
		{3D81D4B1-A1C9-436E-8858-1E6DFEC4F8B3}.Debug|iPhoneSimulator.ActiveCfg = Debug|iPhoneSimulator
		{3D81D4B1-A1C9-436E-8858-1E6DFEC4F8B3}.Debug|iPhoneSimulator.Build.0 = Debug|iPhoneSimulator
		{3D81D4B1-A1C9-436E-8858-1E6DFEC4F8B3}.Debug|iPhoneSimulator.Deploy.0 = Debug|iPhoneSimulator
		{3D81D4B1-A1C9-436E-8858-1E6DFEC4F8B3}.Release|Any CPU.ActiveCfg = Release|iPhone
		{3D81D4B1-A1C9-436E-8858-1E6DFEC4F8B3}.Release|Any CPU.Build.0 = Release|iPhone
		{3D81D4B1-A1C9-436E-8858-1E6DFEC4F8B3}.Release|Any CPU.Deploy.0 = Release|iPhone
		{3D81D4B1-A1C9-436E-8858-1E6DFEC4F8B3}.Release|iPhone.ActiveCfg = Release|iPhone
		{3D81D4B1-A1C9-436E-8858-1E6DFEC4F8B3}.Release|iPhone.Build.0 = Release|iPhone
		{3D81D4B1-A1C9-436E-8858-1E6DFEC4F8B3}.Release|iPhone.Deploy.0 = Release|iPhone
		{3D81D4B1-A1C9-436E-8858-1E6DFEC4F8B3}.Release|iPhoneSimulator.ActiveCfg = Release|iPhoneSimulator
		{3D81D4B1-A1C9-436E-8858-1E6DFEC4F8B3}.Release|iPhoneSimulator.Build.0 = Release|iPhoneSimulator
		{3D81D4B1-A1C9-436E-8858-1E6DFEC4F8B3}.Release|iPhoneSimulator.Deploy.0 = Release|iPhoneSimulator
		{E5908B5E-7F07-4A2F-8123-AE1668559C0F}.Ad-Hoc|Any CPU.ActiveCfg = Debug|Any CPU
		{E5908B5E-7F07-4A2F-8123-AE1668559C0F}.Ad-Hoc|Any CPU.Build.0 = Debug|Any CPU
		{E5908B5E-7F07-4A2F-8123-AE1668559C0F}.Ad-Hoc|Any CPU.Deploy.0 = Debug|Any CPU
		{E5908B5E-7F07-4A2F-8123-AE1668559C0F}.Ad-Hoc|iPhone.ActiveCfg = Debug|Any CPU
		{E5908B5E-7F07-4A2F-8123-AE1668559C0F}.Ad-Hoc|iPhone.Build.0 = Debug|Any CPU
		{E5908B5E-7F07-4A2F-8123-AE1668559C0F}.Ad-Hoc|iPhone.Deploy.0 = Debug|Any CPU
		{E5908B5E-7F07-4A2F-8123-AE1668559C0F}.Ad-Hoc|iPhoneSimulator.ActiveCfg = Debug|Any CPU
		{E5908B5E-7F07-4A2F-8123-AE1668559C0F}.Ad-Hoc|iPhoneSimulator.Build.0 = Debug|Any CPU
		{E5908B5E-7F07-4A2F-8123-AE1668559C0F}.Ad-Hoc|iPhoneSimulator.Deploy.0 = Debug|Any CPU
		{E5908B5E-7F07-4A2F-8123-AE1668559C0F}.AppStore|Any CPU.ActiveCfg = Debug|Any CPU
		{E5908B5E-7F07-4A2F-8123-AE1668559C0F}.AppStore|Any CPU.Build.0 = Debug|Any CPU
		{E5908B5E-7F07-4A2F-8123-AE1668559C0F}.AppStore|Any CPU.Deploy.0 = Debug|Any CPU
		{E5908B5E-7F07-4A2F-8123-AE1668559C0F}.AppStore|iPhone.ActiveCfg = Debug|Any CPU
		{E5908B5E-7F07-4A2F-8123-AE1668559C0F}.AppStore|iPhone.Build.0 = Debug|Any CPU
		{E5908B5E-7F07-4A2F-8123-AE1668559C0F}.AppStore|iPhone.Deploy.0 = Debug|Any CPU
		{E5908B5E-7F07-4A2F-8123-AE1668559C0F}.AppStore|iPhoneSimulator.ActiveCfg = Debug|Any CPU
		{E5908B5E-7F07-4A2F-8123-AE1668559C0F}.AppStore|iPhoneSimulator.Build.0 = Debug|Any CPU
		{E5908B5E-7F07-4A2F-8123-AE1668559C0F}.AppStore|iPhoneSimulator.Deploy.0 = Debug|Any CPU
		{E5908B5E-7F07-4A2F-8123-AE1668559C0F}.Debug|Any CPU.ActiveCfg = Debug|Any CPU
		{E5908B5E-7F07-4A2F-8123-AE1668559C0F}.Debug|Any CPU.Build.0 = Debug|Any CPU
		{E5908B5E-7F07-4A2F-8123-AE1668559C0F}.Debug|Any CPU.Deploy.0 = Debug|Any CPU
		{E5908B5E-7F07-4A2F-8123-AE1668559C0F}.Debug|iPhone.ActiveCfg = Debug|Any CPU
		{E5908B5E-7F07-4A2F-8123-AE1668559C0F}.Debug|iPhone.Build.0 = Debug|Any CPU
		{E5908B5E-7F07-4A2F-8123-AE1668559C0F}.Debug|iPhone.Deploy.0 = Debug|Any CPU
		{E5908B5E-7F07-4A2F-8123-AE1668559C0F}.Debug|iPhoneSimulator.ActiveCfg = Debug|Any CPU
		{E5908B5E-7F07-4A2F-8123-AE1668559C0F}.Debug|iPhoneSimulator.Build.0 = Debug|Any CPU
		{E5908B5E-7F07-4A2F-8123-AE1668559C0F}.Debug|iPhoneSimulator.Deploy.0 = Debug|Any CPU
		{E5908B5E-7F07-4A2F-8123-AE1668559C0F}.Release|Any CPU.ActiveCfg = Release|Any CPU
		{E5908B5E-7F07-4A2F-8123-AE1668559C0F}.Release|Any CPU.Build.0 = Release|Any CPU
		{E5908B5E-7F07-4A2F-8123-AE1668559C0F}.Release|Any CPU.Deploy.0 = Release|Any CPU
		{E5908B5E-7F07-4A2F-8123-AE1668559C0F}.Release|iPhone.ActiveCfg = Release|Any CPU
		{E5908B5E-7F07-4A2F-8123-AE1668559C0F}.Release|iPhone.Build.0 = Release|Any CPU
		{E5908B5E-7F07-4A2F-8123-AE1668559C0F}.Release|iPhone.Deploy.0 = Release|Any CPU
		{E5908B5E-7F07-4A2F-8123-AE1668559C0F}.Release|iPhoneSimulator.ActiveCfg = Release|Any CPU
		{E5908B5E-7F07-4A2F-8123-AE1668559C0F}.Release|iPhoneSimulator.Build.0 = Release|Any CPU
		{E5908B5E-7F07-4A2F-8123-AE1668559C0F}.Release|iPhoneSimulator.Deploy.0 = Release|Any CPU
	EndGlobalSection
	GlobalSection(SolutionProperties) = preSolution
		HideSolutionNode = FALSE
	EndGlobalSection
	GlobalSection(ExtensibilityGlobals) = postSolution
		SolutionGuid = {09936B54-C96A-4C2C-B660-C2F2699DBEA4}
	EndGlobalSection
EndGlobal
